
Microsoft Visual Studio Solution File, Format Version 12.00
# Visual Studio 15
VisualStudioVersion = 15.0.27130.2010
MinimumVisualStudioVersion = 10.0.40219.1
Project("{FAE04EC0-301F-11D3-BF4B-00C04F79EFBC}") = "FortuneTeller", "FortuneTeller\FortuneTeller.csproj", "{B2D69680-2268-4406-8883-35C86BE73AC3}"
EndProject
Global
	GlobalSection(SolutionConfigurationPlatforms) = preSolution
		Debug|Any CPU = Debug|Any CPU
		Release|Any CPU = Release|Any CPU
	EndGlobalSection
	GlobalSection(ProjectConfigurationPlatforms) = postSolution
		{B2D69680-2268-4406-8883-35C86BE73AC3}.Debug|Any CPU.ActiveCfg = Debug|Any CPU
		{B2D69680-2268-4406-8883-35C86BE73AC3}.Debug|Any CPU.Build.0 = Debug|Any CPU
		{B2D69680-2268-4406-8883-35C86BE73AC3}.Release|Any CPU.ActiveCfg = Release|Any CPU
		{B2D69680-2268-4406-8883-35C86BE73AC3}.Release|Any CPU.Build.0 = Release|Any CPU
	EndGlobalSection
	GlobalSection(SolutionProperties) = preSolution
		HideSolutionNode = FALSE
	EndGlobalSection
	GlobalSection(ExtensibilityGlobals) = postSolution
		SolutionGuid = {4A04CF4C-98CD-4DF3-BE80-EF342C8A9551}
	EndGlobalSection
EndGlobal
